// !$*UTF8*$!
{
	archiveVersion = 1;
	classes = {
	};
	objectVersion = 50;
	objects = {

/* Begin PBXBuildFile section */
		4E9EA1CD1FF174EFD8B70774 /* Pods_Gentleman.framework in Frameworks */ = {isa = PBXBuildFile; fileRef = 056DE00765C1707AF40FD549 /* Pods_Gentleman.framework */; };
		AD68F19321EA37870035CD81 /* AppDelegate.swift in Sources */ = {isa = PBXBuildFile; fileRef = AD68F19221EA37870035CD81 /* AppDelegate.swift */; };
		AD68F19821EA37880035CD81 /* Main.storyboard in Resources */ = {isa = PBXBuildFile; fileRef = AD68F19621EA37880035CD81 /* Main.storyboard */; };
		AD68F19A21EA378B0035CD81 /* Assets.xcassets in Resources */ = {isa = PBXBuildFile; fileRef = AD68F19921EA378B0035CD81 /* Assets.xcassets */; };
		AD68F19D21EA378B0035CD81 /* LaunchScreen.storyboard in Resources */ = {isa = PBXBuildFile; fileRef = AD68F19B21EA378B0035CD81 /* LaunchScreen.storyboard */; };
		ADB53E1C21EAE50A00A8ECB2 /* LoginVC.swift in Sources */ = {isa = PBXBuildFile; fileRef = ADB53E1B21EAE50A00A8ECB2 /* LoginVC.swift */; };
		ADB53E1F21EAE53200A8ECB2 /* SignupVC.swift in Sources */ = {isa = PBXBuildFile; fileRef = ADB53E1E21EAE53200A8ECB2 /* SignupVC.swift */; };
		ADB53E2121EAE55500A8ECB2 /* ResetPasswordVC.swift in Sources */ = {isa = PBXBuildFile; fileRef = ADB53E2021EAE55500A8ECB2 /* ResetPasswordVC.swift */; };
/* End PBXBuildFile section */

/* Begin PBXFileReference section */
		056DE00765C1707AF40FD549 /* Pods_Gentleman.framework */ = {isa = PBXFileReference; explicitFileType = wrapper.framework; includeInIndex = 0; path = Pods_Gentleman.framework; sourceTree = BUILT_PRODUCTS_DIR; };
		AD68F18F21EA37870035CD81 /* Gentleman.app */ = {isa = PBXFileReference; explicitFileType = wrapper.application; includeInIndex = 0; path = Gentleman.app; sourceTree = BUILT_PRODUCTS_DIR; };
		AD68F19221EA37870035CD81 /* AppDelegate.swift */ = {isa = PBXFileReference; lastKnownFileType = sourcecode.swift; path = AppDelegate.swift; sourceTree = "<group>"; };
		AD68F19721EA37880035CD81 /* Base */ = {isa = PBXFileReference; lastKnownFileType = file.storyboard; name = Base; path = Base.lproj/Main.storyboard; sourceTree = "<group>"; };
		AD68F19921EA378B0035CD81 /* Assets.xcassets */ = {isa = PBXFileReference; lastKnownFileType = folder.assetcatalog; path = Assets.xcassets; sourceTree = "<group>"; };
		AD68F19C21EA378B0035CD81 /* Base */ = {isa = PBXFileReference; lastKnownFileType = file.storyboard; name = Base; path = Base.lproj/LaunchScreen.storyboard; sourceTree = "<group>"; };
		AD68F19E21EA378B0035CD81 /* Info.plist */ = {isa = PBXFileReference; lastKnownFileType = text.plist.xml; path = Info.plist; sourceTree = "<group>"; };
		ADB53E1721EADF4A00A8ECB2 /* Gentleman-Bridging-Header.h */ = {isa = PBXFileReference; lastKnownFileType = sourcecode.c.h; path = "Gentleman-Bridging-Header.h"; sourceTree = "<group>"; };
		ADB53E1B21EAE50A00A8ECB2 /* LoginVC.swift */ = {isa = PBXFileReference; lastKnownFileType = sourcecode.swift; path = LoginVC.swift; sourceTree = "<group>"; };
		ADB53E1E21EAE53200A8ECB2 /* SignupVC.swift */ = {isa = PBXFileReference; lastKnownFileType = sourcecode.swift; path = SignupVC.swift; sourceTree = "<group>"; };
		ADB53E2021EAE55500A8ECB2 /* ResetPasswordVC.swift */ = {isa = PBXFileReference; lastKnownFileType = sourcecode.swift; path = ResetPasswordVC.swift; sourceTree = "<group>"; };
		D3A0C7F41101ED92E67D3ACC /* Pods-Gentleman.release.xcconfig */ = {isa = PBXFileReference; includeInIndex = 1; lastKnownFileType = text.xcconfig; name = "Pods-Gentleman.release.xcconfig"; path = "Pods/Target Support Files/Pods-Gentleman/Pods-Gentleman.release.xcconfig"; sourceTree = "<group>"; };
		FC2BA0C397C5C7868509DB0D /* Pods-Gentleman.debug.xcconfig */ = {isa = PBXFileReference; includeInIndex = 1; lastKnownFileType = text.xcconfig; name = "Pods-Gentleman.debug.xcconfig"; path = "Pods/Target Support Files/Pods-Gentleman/Pods-Gentleman.debug.xcconfig"; sourceTree = "<group>"; };
/* End PBXFileReference section */

/* Begin PBXFrameworksBuildPhase section */
		AD68F18C21EA37870035CD81 /* Frameworks */ = {
			isa = PBXFrameworksBuildPhase;
			buildActionMask = 2147483647;
			files = (
				4E9EA1CD1FF174EFD8B70774 /* Pods_Gentleman.framework in Frameworks */,
			);
			runOnlyForDeploymentPostprocessing = 0;
		};
/* End PBXFrameworksBuildPhase section */

/* Begin PBXGroup section */
		05D728DCF4DD415430D51336 /* Frameworks */ = {
			isa = PBXGroup;
			children = (
				056DE00765C1707AF40FD549 /* Pods_Gentleman.framework */,
			);
			name = Frameworks;
			sourceTree = "<group>";
		};
		AD68F18621EA37870035CD81 = {
			isa = PBXGroup;
			children = (
				AD68F19121EA37870035CD81 /* Gentleman */,
				AD68F19021EA37870035CD81 /* Products */,
				E4E9543E896E0DCBE1869DB6 /* Pods */,
				05D728DCF4DD415430D51336 /* Frameworks */,
			);
			sourceTree = "<group>";
		};
		AD68F19021EA37870035CD81 /* Products */ = {
			isa = PBXGroup;
			children = (
				AD68F18F21EA37870035CD81 /* Gentleman.app */,
			);
			name = Products;
			sourceTree = "<group>";
		};
		AD68F19121EA37870035CD81 /* Gentleman */ = {
			isa = PBXGroup;
			children = (
				AD68F19221EA37870035CD81 /* AppDelegate.swift */,
				ADB53E1721EADF4A00A8ECB2 /* Gentleman-Bridging-Header.h */,
				ADB53E1D21EAE51300A8ECB2 /* Login and Signup */,
				AD68F19621EA37880035CD81 /* Main.storyboard */,
				AD68F19921EA378B0035CD81 /* Assets.xcassets */,
				AD68F19B21EA378B0035CD81 /* LaunchScreen.storyboard */,
				AD68F19E21EA378B0035CD81 /* Info.plist */,
			);
			path = Gentleman;
			sourceTree = "<group>";
		};
		ADB53E1D21EAE51300A8ECB2 /* Login and Signup */ = {
			isa = PBXGroup;
			children = (
				ADB53E1B21EAE50A00A8ECB2 /* LoginVC.swift */,
				ADB53E1E21EAE53200A8ECB2 /* SignupVC.swift */,
				ADB53E2021EAE55500A8ECB2 /* ResetPasswordVC.swift */,
			);
			path = "Login and Signup";
			sourceTree = "<group>";
		};
		E4E9543E896E0DCBE1869DB6 /* Pods */ = {
			isa = PBXGroup;
			children = (
				FC2BA0C397C5C7868509DB0D /* Pods-Gentleman.debug.xcconfig */,
				D3A0C7F41101ED92E67D3ACC /* Pods-Gentleman.release.xcconfig */,
			);
			name = Pods;
			sourceTree = "<group>";
		};
/* End PBXGroup section */

/* Begin PBXNativeTarget section */
		AD68F18E21EA37870035CD81 /* Gentleman */ = {
			isa = PBXNativeTarget;
			buildConfigurationList = AD68F1A121EA378B0035CD81 /* Build configuration list for PBXNativeTarget "Gentleman" */;
			buildPhases = (
				A4ADAB0936CE10F5B5BAF646 /* [CP] Check Pods Manifest.lock */,
				AD68F18B21EA37870035CD81 /* Sources */,
				AD68F18C21EA37870035CD81 /* Frameworks */,
				AD68F18D21EA37870035CD81 /* Resources */,
				11EBE37BA6587D70AA1DB2CD /* [CP] Embed Pods Frameworks */,
			);
			buildRules = (
			);
			dependencies = (
			);
			name = Gentleman;
			productName = Gentleman;
			productReference = AD68F18F21EA37870035CD81 /* Gentleman.app */;
			productType = "com.apple.product-type.application";
		};
/* End PBXNativeTarget section */

/* Begin PBXProject section */
		AD68F18721EA37870035CD81 /* Project object */ = {
			isa = PBXProject;
			attributes = {
				LastSwiftUpdateCheck = 1010;
				LastUpgradeCheck = 1010;
				ORGANIZATIONNAME = Carter;
				TargetAttributes = {
					AD68F18E21EA37870035CD81 = {
						CreatedOnToolsVersion = 10.1;
						LastSwiftMigration = 1010;
					};
				};
			};
			buildConfigurationList = AD68F18A21EA37870035CD81 /* Build configuration list for PBXProject "Gentleman" */;
			compatibilityVersion = "Xcode 9.3";
			developmentRegion = en;
			hasScannedForEncodings = 0;
			knownRegions = (
				en,
				Base,
			);
			mainGroup = AD68F18621EA37870035CD81;
			productRefGroup = AD68F19021EA37870035CD81 /* Products */;
			projectDirPath = "";
			projectRoot = "";
			targets = (
				AD68F18E21EA37870035CD81 /* Gentleman */,
			);
		};
/* End PBXProject section */

/* Begin PBXResourcesBuildPhase section */
		AD68F18D21EA37870035CD81 /* Resources */ = {
			isa = PBXResourcesBuildPhase;
			buildActionMask = 2147483647;
			files = (
				AD68F19D21EA378B0035CD81 /* LaunchScreen.storyboard in Resources */,
				AD68F19A21EA378B0035CD81 /* Assets.xcassets in Resources */,
				AD68F19821EA37880035CD81 /* Main.storyboard in Resources */,
			);
			runOnlyForDeploymentPostprocessing = 0;
		};
/* End PBXResourcesBuildPhase section */

/* Begin PBXShellScriptBuildPhase section */
		11EBE37BA6587D70AA1DB2CD /* [CP] Embed Pods Frameworks */ = {
			isa = PBXShellScriptBuildPhase;
			buildActionMask = 2147483647;
			files = (
			);
			inputFileListPaths = (
			);
			inputPaths = (
				"${SRCROOT}/Pods/Target Support Files/Pods-Gentleman/Pods-Gentleman-frameworks.sh",
				"${BUILT_PRODUCTS_DIR}/AVOSCloud/AVOSCloud.framework",
				"${BUILT_PRODUCTS_DIR}/AVOSCloudCrashReporting/AVOSCloudCrashReporting.framework",
				"${BUILT_PRODUCTS_DIR}/AVOSCloudIM/AVOSCloudIM.framework",
				"${BUILT_PRODUCTS_DIR}/SDWebImage/SDWebImage.framework",
				"${BUILT_PRODUCTS_DIR}/SVProgressHUD/SVProgressHUD.framework",
			);
			name = "[CP] Embed Pods Frameworks";
			outputFileListPaths = (
			);
			outputPaths = (
				"${TARGET_BUILD_DIR}/${FRAMEWORKS_FOLDER_PATH}/AVOSCloud.framework",
				"${TARGET_BUILD_DIR}/${FRAMEWORKS_FOLDER_PATH}/AVOSCloudCrashReporting.framework",
				"${TARGET_BUILD_DIR}/${FRAMEWORKS_FOLDER_PATH}/AVOSCloudIM.framework",
				"${TARGET_BUILD_DIR}/${FRAMEWORKS_FOLDER_PATH}/SDWebImage.framework",
				"${TARGET_BUILD_DIR}/${FRAMEWORKS_FOLDER_PATH}/SVProgressHUD.framework",
			);
			runOnlyForDeploymentPostprocessing = 0;
			shellPath = /bin/sh;
			shellScript = "\"${SRCROOT}/Pods/Target Support Files/Pods-Gentleman/Pods-Gentleman-frameworks.sh\"\n";
			showEnvVarsInLog = 0;
		};
		A4ADAB0936CE10F5B5BAF646 /* [CP] Check Pods Manifest.lock */ = {
			isa = PBXShellScriptBuildPhase;
			buildActionMask = 2147483647;
			files = (
			);
			inputFileListPaths = (
			);
			inputPaths = (
				"${PODS_PODFILE_DIR_PATH}/Podfile.lock",
				"${PODS_ROOT}/Manifest.lock",
			);
			name = "[CP] Check Pods Manifest.lock";
			outputFileListPaths = (
			);
			outputPaths = (
				"$(DERIVED_FILE_DIR)/Pods-Gentleman-checkManifestLockResult.txt",
			);
			runOnlyForDeploymentPostprocessing = 0;
			shellPath = /bin/sh;
			shellScript = "diff \"${PODS_PODFILE_DIR_PATH}/Podfile.lock\" \"${PODS_ROOT}/Manifest.lock\" > /dev/null\nif [ $? != 0 ] ; then\n    # print error to STDERR\n    echo \"error: The sandbox is not in sync with the Podfile.lock. Run 'pod install' or update your CocoaPods installation.\" >&2\n    exit 1\nfi\n# This output is used by Xcode 'outputs' to avoid re-running this script phase.\necho \"SUCCESS\" > \"${SCRIPT_OUTPUT_FILE_0}\"\n";
			showEnvVarsInLog = 0;
		};
/* End PBXShellScriptBuildPhase section */

/* Begin PBXSourcesBuildPhase section */
		AD68F18B21EA37870035CD81 /* Sources */ = {
			isa = PBXSourcesBuildPhase;
			buildActionMask = 2147483647;
			files = (
				ADB53E1F21EAE53200A8ECB2 /* SignupVC.swift in Sources */,
				ADB53E1C21EAE50A00A8ECB2 /* LoginVC.swift in Sources */,
				AD68F19321EA37870035CD81 /* AppDelegate.swift in Sources */,
				ADB53E2121EAE55500A8ECB2 /* ResetPasswordVC.swift in Sources */,
			);
			runOnlyForDeploymentPostprocessing = 0;
		};
/* End PBXSourcesBuildPhase section */

/* Begin PBXVariantGroup section */
		AD68F19621EA37880035CD81 /* Main.storyboard */ = {
			isa = PBXVariantGroup;
			children = (
				AD68F19721EA37880035CD81 /* Base */,
			);
			name = Main.storyboard;
			sourceTree = "<group>";
		};
		AD68F19B21EA378B0035CD81 /* LaunchScreen.storyboard */ = {
			isa = PBXVariantGroup;
			children = (
				AD68F19C21EA378B0035CD81 /* Base */,
			);
			name = LaunchScreen.storyboard;
			sourceTree = "<group>";
		};
/* End PBXVariantGroup section */

/* Begin XCBuildConfiguration section */
		AD68F19F21EA378B0035CD81 /* Debug */ = {
			isa = XCBuildConfiguration;
			buildSettings = {
				ALWAYS_SEARCH_USER_PATHS = NO;
				CLANG_ANALYZER_NONNULL = YES;
				CLANG_ANALYZER_NUMBER_OBJECT_CONVERSION = YES_AGGRESSIVE;
				CLANG_CXX_LANGUAGE_STANDARD = "gnu++14";
				CLANG_CXX_LIBRARY = "libc++";
				CLANG_ENABLE_MODULES = YES;
				CLANG_ENABLE_OBJC_ARC = YES;
				CLANG_ENABLE_OBJC_WEAK = YES;
				CLANG_WARN_BLOCK_CAPTURE_AUTORELEASING = YES;
				CLANG_WARN_BOOL_CONVERSION = YES;
				CLANG_WARN_COMMA = YES;
				CLANG_WARN_CONSTANT_CONVERSION = YES;
				CLANG_WARN_DEPRECATED_OBJC_IMPLEMENTATIONS = YES;
				CLANG_WARN_DIRECT_OBJC_ISA_USAGE = YES_ERROR;
				CLANG_WARN_DOCUMENTATION_COMMENTS = YES;
				CLANG_WARN_EMPTY_BODY = YES;
				CLANG_WARN_ENUM_CONVERSION = YES;
				CLANG_WARN_INFINITE_RECURSION = YES;
				CLANG_WARN_INT_CONVERSION = YES;
				CLANG_WARN_NON_LITERAL_NULL_CONVERSION = YES;
				CLANG_WARN_OBJC_IMPLICIT_RETAIN_SELF = YES;
				CLANG_WARN_OBJC_LITERAL_CONVERSION = YES;
				CLANG_WARN_OBJC_ROOT_CLASS = YES_ERROR;
				CLANG_WARN_RANGE_LOOP_ANALYSIS = YES;
				CLANG_WARN_STRICT_PROTOTYPES = YES;
				CLANG_WARN_SUSPICIOUS_MOVE = YES;
				CLANG_WARN_UNGUARDED_AVAILABILITY = YES_AGGRESSIVE;
				CLANG_WARN_UNREACHABLE_CODE = YES;
				CLANG_WARN__DUPLICATE_METHOD_MATCH = YES;
				CODE_SIGN_IDENTITY = "iPhone Developer";
				COPY_PHASE_STRIP = NO;
				DEBUG_INFORMATION_FORMAT = dwarf;
				ENABLE_STRICT_OBJC_MSGSEND = YES;
				ENABLE_TESTABILITY = YES;
				GCC_C_LANGUAGE_STANDARD = gnu11;
				GCC_DYNAMIC_NO_PIC = NO;
				GCC_NO_COMMON_BLOCKS = YES;
				GCC_OPTIMIZATION_LEVEL = 0;
				GCC_PREPROCESSOR_DEFINITIONS = (
					"DEBUG=1",
					"$(inherited)",
				);
				GCC_WARN_64_TO_32_BIT_CONVERSION = YES;
				GCC_WARN_ABOUT_RETURN_TYPE = YES_ERROR;
				GCC_WARN_UNDECLARED_SELECTOR = YES;
				GCC_WARN_UNINITIALIZED_AUTOS = YES_AGGRESSIVE;
				GCC_WARN_UNUSED_FUNCTION = YES;
				GCC_WARN_UNUSED_VARIABLE = YES;
				IPHONEOS_DEPLOYMENT_TARGET = 12.1;
				MTL_ENABLE_DEBUG_INFO = INCLUDE_SOURCE;
				MTL_FAST_MATH = YES;
				ONLY_ACTIVE_ARCH = YES;
				SDKROOT = iphoneos;
				SWIFT_ACTIVE_COMPILATION_CONDITIONS = DEBUG;
				SWIFT_OPTIMIZATION_LEVEL = "-Onone";
			};
			name = Debug;
		};
		AD68F1A021EA378B0035CD81 /* Release */ = {
			isa = XCBuildConfiguration;
			buildSettings = {
				ALWAYS_SEARCH_USER_PATHS = NO;
				CLANG_ANALYZER_NONNULL = YES;
				CLANG_ANALYZER_NUMBER_OBJECT_CONVERSION = YES_AGGRESSIVE;
				CLANG_CXX_LANGUAGE_STANDARD = "gnu++14";
				CLANG_CXX_LIBRARY = "libc++";
				CLANG_ENABLE_MODULES = YES;
				CLANG_ENABLE_OBJC_ARC = YES;
				CLANG_ENABLE_OBJC_WEAK = YES;
				CLANG_WARN_BLOCK_CAPTURE_AUTORELEASING = YES;
				CLANG_WARN_BOOL_CONVERSION = YES;
				CLANG_WARN_COMMA = YES;
				CLANG_WARN_CONSTANT_CONVERSION = YES;
				CLANG_WARN_DEPRECATED_OBJC_IMPLEMENTATIONS = YES;
				CLANG_WARN_DIRECT_OBJC_ISA_USAGE = YES_ERROR;
				CLANG_WARN_DOCUMENTATION_COMMENTS = YES;
				CLANG_WARN_EMPTY_BODY = YES;
				CLANG_WARN_ENUM_CONVERSION = YES;
				CLANG_WARN_INFINITE_RECURSION = YES;
				CLANG_WARN_INT_CONVERSION = YES;
				CLANG_WARN_NON_LITERAL_NULL_CONVERSION = YES;
				CLANG_WARN_OBJC_IMPLICIT_RETAIN_SELF = YES;
				CLANG_WARN_OBJC_LITERAL_CONVERSION = YES;
				CLANG_WARN_OBJC_ROOT_CLASS = YES_ERROR;
				CLANG_WARN_RANGE_LOOP_ANALYSIS = YES;
				CLANG_WARN_STRICT_PROTOTYPES = YES;
				CLANG_WARN_SUSPICIOUS_MOVE = YES;
				CLANG_WARN_UNGUARDED_AVAILABILITY = YES_AGGRESSIVE;
				CLANG_WARN_UNREACHABLE_CODE = YES;
				CLANG_WARN__DUPLICATE_METHOD_MATCH = YES;
				CODE_SIGN_IDENTITY = "iPhone Developer";
				COPY_PHASE_STRIP = NO;
				DEBUG_INFORMATION_FORMAT = "dwarf-with-dsym";
				ENABLE_NS_ASSERTIONS = NO;
				ENABLE_STRICT_OBJC_MSGSEND = YES;
				GCC_C_LANGUAGE_STANDARD = gnu11;
				GCC_NO_COMMON_BLOCKS = YES;
				GCC_WARN_64_TO_32_BIT_CONVERSION = YES;
				GCC_WARN_ABOUT_RETURN_TYPE = YES_ERROR;
				GCC_WARN_UNDECLARED_SELECTOR = YES;
				GCC_WARN_UNINITIALIZED_AUTOS = YES_AGGRESSIVE;
				GCC_WARN_UNUSED_FUNCTION = YES;
				GCC_WARN_UNUSED_VARIABLE = YES;
				IPHONEOS_DEPLOYMENT_TARGET = 12.1;
				MTL_ENABLE_DEBUG_INFO = NO;
				MTL_FAST_MATH = YES;
				SDKROOT = iphoneos;
				SWIFT_COMPILATION_MODE = wholemodule;
				SWIFT_OPTIMIZATION_LEVEL = "-O";
				VALIDATE_PRODUCT = YES;
			};
			name = Release;
		};
		AD68F1A221EA378B0035CD81 /* Debug */ = {
			isa = XCBuildConfiguration;
			baseConfigurationReference = FC2BA0C397C5C7868509DB0D /* Pods-Gentleman.debug.xcconfig */;
			buildSettings = {
				ASSETCATALOG_COMPILER_APPICON_NAME = AppIcon;
				CLANG_ENABLE_MODULES = YES;
				CODE_SIGN_STYLE = Automatic;
				DEVELOPMENT_TEAM = 94L3QFAK7X;
				INFOPLIST_FILE = Gentleman/Info.plist;
				IPHONEOS_DEPLOYMENT_TARGET = 12.0;
				LD_RUNPATH_SEARCH_PATHS = (
					"$(inherited)",
					"@executable_path/Frameworks",
				);
				PRODUCT_BUNDLE_IDENTIFIER = com.carteryang.Gentleman;
				PRODUCT_NAME = "$(TARGET_NAME)";
				SWIFT_OBJC_BRIDGING_HEADER = "Gentleman/Gentleman-Bridging-Header.h";
				SWIFT_OPTIMIZATION_LEVEL = "-Onone";
				SWIFT_VERSION = 4.2;
				TARGETED_DEVICE_FAMILY = 1;
			};
			name = Debug;
		};
		AD68F1A321EA378B0035CD81 /* Release */ = {
			isa = XCBuildConfiguration;
			baseConfigurationReference = D3A0C7F41101ED92E67D3ACC /* Pods-Gentleman.release.xcconfig */;
			buildSettings = {
				ASSETCATALOG_COMPILER_APPICON_NAME = AppIcon;
				CLANG_ENABLE_MODULES = YES;
				CODE_SIGN_STYLE = Automatic;
				DEVELOPMENT_TEAM = 94L3QFAK7X;
				INFOPLIST_FILE = Gentleman/Info.plist;
				IPHONEOS_DEPLOYMENT_TARGET = 12.0;
				LD_RUNPATH_SEARCH_PATHS = (
					"$(inherited)",
					"@executable_path/Frameworks",
				);
				PRODUCT_BUNDLE_IDENTIFIER = com.carteryang.Gentleman;
				PRODUCT_NAME = "$(TARGET_NAME)";
				SWIFT_OBJC_BRIDGING_HEADER = "Gentleman/Gentleman-Bridging-Header.h";
				SWIFT_VERSION = 4.2;
				TARGETED_DEVICE_FAMILY = 1;
			};
			name = Release;
		};
/* End XCBuildConfiguration section */

/* Begin XCConfigurationList section */
		AD68F18A21EA37870035CD81 /* Build configuration list for PBXProject "Gentleman" */ = {
			isa = XCConfigurationList;
			buildConfigurations = (
				AD68F19F21EA378B0035CD81 /* Debug */,
				AD68F1A021EA378B0035CD81 /* Release */,
			);
			defaultConfigurationIsVisible = 0;
			defaultConfigurationName = Release;
		};
		AD68F1A121EA378B0035CD81 /* Build configuration list for PBXNativeTarget "Gentleman" */ = {
			isa = XCConfigurationList;
			buildConfigurations = (
				AD68F1A221EA378B0035CD81 /* Debug */,
				AD68F1A321EA378B0035CD81 /* Release */,
			);
			defaultConfigurationIsVisible = 0;
			defaultConfigurationName = Release;
		};
/* End XCConfigurationList section */
	};
	rootObject = AD68F18721EA37870035CD81 /* Project object */;
}
